
Microsoft Visual Studio Solution File, Format Version 12.00
# Visual Studio 15
VisualStudioVersion = 15.0.27004.2008
MinimumVisualStudioVersion = 10.0.40219.1
Project("{9A19103F-16F7-4668-BE54-9A1E7A4F7556}") = "ApplicationTest", "Test\ApplicationTest.csproj", "{B348B054-21B1-4843-8637-94F57E4EE3CF}"
EndProject
Project("{9A19103F-16F7-4668-BE54-9A1E7A4F7556}") = "Infrastructure", "..\Infrastructure\Infrastructure.csproj", "{CA0F4A75-63D6-47FE-9903-538FC73818AB}"
EndProject
Project("{9A19103F-16F7-4668-BE54-9A1E7A4F7556}") = "Domain", "..\Domain\Domain.csproj", "{29AC492B-6035-4F36-A100-EAF1A31049D9}"
EndProject
Project("{9A19103F-16F7-4668-BE54-9A1E7A4F7556}") = "Application", "Application.csproj", "{05C3799A-9C82-4ECE-8BB2-4B4E85805816}"
EndProject
Project("{9A19103F-16F7-4668-BE54-9A1E7A4F7556}") = "Util", "..\Util\Util.csproj", "{CFB24D2D-C8CB-4244-BABB-EA592E562AC8}"
EndProject
Project("{2150E333-8FDC-42A3-9474-1A3956D46DE8}") = "Components", "Components", "{4E6C3A34-92B2-4951-A134-34B09D482F04}"
EndProject
Global
	GlobalSection(SolutionConfigurationPlatforms) = preSolution
		Debug|Any CPU = Debug|Any CPU
		Release|Any CPU = Release|Any CPU
	EndGlobalSection
	GlobalSection(ProjectConfigurationPlatforms) = postSolution
		{B348B054-21B1-4843-8637-94F57E4EE3CF}.Debug|Any CPU.ActiveCfg = Debug|Any CPU
		{B348B054-21B1-4843-8637-94F57E4EE3CF}.Debug|Any CPU.Build.0 = Debug|Any CPU
		{B348B054-21B1-4843-8637-94F57E4EE3CF}.Release|Any CPU.ActiveCfg = Release|Any CPU
		{B348B054-21B1-4843-8637-94F57E4EE3CF}.Release|Any CPU.Build.0 = Release|Any CPU
		{CA0F4A75-63D6-47FE-9903-538FC73818AB}.Debug|Any CPU.ActiveCfg = Debug|Any CPU
		{CA0F4A75-63D6-47FE-9903-538FC73818AB}.Debug|Any CPU.Build.0 = Debug|Any CPU
		{CA0F4A75-63D6-47FE-9903-538FC73818AB}.Release|Any CPU.ActiveCfg = Release|Any CPU
		{CA0F4A75-63D6-47FE-9903-538FC73818AB}.Release|Any CPU.Build.0 = Release|Any CPU
		{29AC492B-6035-4F36-A100-EAF1A31049D9}.Debug|Any CPU.ActiveCfg = Debug|Any CPU
		{29AC492B-6035-4F36-A100-EAF1A31049D9}.Debug|Any CPU.Build.0 = Debug|Any CPU
		{29AC492B-6035-4F36-A100-EAF1A31049D9}.Release|Any CPU.ActiveCfg = Release|Any CPU
		{29AC492B-6035-4F36-A100-EAF1A31049D9}.Release|Any CPU.Build.0 = Release|Any CPU
		{05C3799A-9C82-4ECE-8BB2-4B4E85805816}.Debug|Any CPU.ActiveCfg = Debug|Any CPU
		{05C3799A-9C82-4ECE-8BB2-4B4E85805816}.Debug|Any CPU.Build.0 = Debug|Any CPU
		{05C3799A-9C82-4ECE-8BB2-4B4E85805816}.Release|Any CPU.ActiveCfg = Release|Any CPU
		{05C3799A-9C82-4ECE-8BB2-4B4E85805816}.Release|Any CPU.Build.0 = Release|Any CPU
		{CFB24D2D-C8CB-4244-BABB-EA592E562AC8}.Debug|Any CPU.ActiveCfg = Debug|Any CPU
		{CFB24D2D-C8CB-4244-BABB-EA592E562AC8}.Debug|Any CPU.Build.0 = Debug|Any CPU
		{CFB24D2D-C8CB-4244-BABB-EA592E562AC8}.Release|Any CPU.ActiveCfg = Release|Any CPU
		{CFB24D2D-C8CB-4244-BABB-EA592E562AC8}.Release|Any CPU.Build.0 = Release|Any CPU
	EndGlobalSection
	GlobalSection(SolutionProperties) = preSolution
		HideSolutionNode = FALSE
	EndGlobalSection
	GlobalSection(NestedProjects) = preSolution
		{CA0F4A75-63D6-47FE-9903-538FC73818AB} = {4E6C3A34-92B2-4951-A134-34B09D482F04}
		{29AC492B-6035-4F36-A100-EAF1A31049D9} = {4E6C3A34-92B2-4951-A134-34B09D482F04}
		{05C3799A-9C82-4ECE-8BB2-4B4E85805816} = {4E6C3A34-92B2-4951-A134-34B09D482F04}
		{CFB24D2D-C8CB-4244-BABB-EA592E562AC8} = {4E6C3A34-92B2-4951-A134-34B09D482F04}
	EndGlobalSection
	GlobalSection(ExtensibilityGlobals) = postSolution
		SolutionGuid = {8A7AC302-842B-48BA-988E-DCDD9378FE5B}
	EndGlobalSection
EndGlobal
