
Microsoft Visual Studio Solution File, Format Version 12.00
# Visual Studio 15
VisualStudioVersion = 15.0.27004.2005
MinimumVisualStudioVersion = 10.0.40219.1
Project("{2150E333-8FDC-42A3-9474-1A3956D46DE8}") = "Presentation", "Presentation", "{EF17DB50-D95A-4A00-998A-16672C1DE187}"
EndProject
Project("{2150E333-8FDC-42A3-9474-1A3956D46DE8}") = "Domain", "Domain", "{0FEE845E-FD60-4908-AD61-1F3C3C803098}"
EndProject
Project("{2150E333-8FDC-42A3-9474-1A3956D46DE8}") = "Infrastructure", "Infrastructure", "{5AAA9FF8-7247-466E-9B07-A8AAB940D902}"
EndProject
Project("{2150E333-8FDC-42A3-9474-1A3956D46DE8}") = "Application", "Application", "{BE0E3240-69AF-419C-BAD2-29DDF9849A5B}"
EndProject
Project("{2150E333-8FDC-42A3-9474-1A3956D46DE8}") = "Util", "Util", "{2D04F940-5DD2-4373-A1F1-ECC210F52B8A}"
EndProject
Project("{FAE04EC0-301F-11D3-BF4B-00C04F79EFBC}") = "MyExpenses.Infrastructure", "Infrastructure\MyExpenses.Infrastructure.csproj", "{ABD725AC-F2C5-466C-8812-3302DBFCE516}"
EndProject
Project("{FAE04EC0-301F-11D3-BF4B-00C04F79EFBC}") = "MyExpenses.Domain", "Domain\MyExpenses.Domain.csproj", "{6BCCA8E9-3252-4683-8DB1-F8BC67A13C4F}"
EndProject
Project("{FAE04EC0-301F-11D3-BF4B-00C04F79EFBC}") = "MyExpenses.Application", "Application\MyExpenses.Application.csproj", "{2E640191-56B4-4BD3-A549-D4E4AAC9CA0A}"
EndProject
Project("{FAE04EC0-301F-11D3-BF4B-00C04F79EFBC}") = "MyExpenses.WinForm", "Presentation\MyExpensesWinForm\MyExpenses.WinForm.csproj", "{C52EF9ED-2A8A-4EDC-BB16-243E5928D98B}"
EndProject
Project("{FAE04EC0-301F-11D3-BF4B-00C04F79EFBC}") = "MyExpenses.Domain.Tests", "Domain\Tests\MyExpenses.Domain.Tests.csproj", "{647C599E-E2EF-4835-8B4D-802F837B8B05}"
EndProject
Project("{FAE04EC0-301F-11D3-BF4B-00C04F79EFBC}") = "MyExpenses.Application.Tests", "Application\Tests\MyExpenses.Application.Tests.csproj", "{4FE7F17C-8C35-4C53-8F37-01D6292F7215}"
EndProject
Project("{FAE04EC0-301F-11D3-BF4B-00C04F79EFBC}") = "MyExpenses.Util", "Util\MyExpenses.Util.csproj", "{573CBDB3-43C0-4D5C-90CE-1456334FC730}"
EndProject
Project("{FAE04EC0-301F-11D3-BF4B-00C04F79EFBC}") = "MyExpenses.Util.Tests", "Util\Tests\MyExpenses.Util.Tests.csproj", "{22A5CA53-0663-40A7-897E-3194024C109B}"
EndProject
Project("{FAE04EC0-301F-11D3-BF4B-00C04F79EFBC}") = "MyExpenses.Infrastructure.Tests", "Infrastructure\Tests\MyExpenses.Infrastructure.Tests.csproj", "{DFCE1D1A-5B20-41AC-A156-A8A6076D3276}"
EndProject
Global
	GlobalSection(SolutionConfigurationPlatforms) = preSolution
		Debug|x86 = Debug|x86
		Release|x86 = Release|x86
	EndGlobalSection
	GlobalSection(ProjectConfigurationPlatforms) = postSolution
		{ABD725AC-F2C5-466C-8812-3302DBFCE516}.Debug|x86.ActiveCfg = Debug|x86
		{ABD725AC-F2C5-466C-8812-3302DBFCE516}.Debug|x86.Build.0 = Debug|x86
		{ABD725AC-F2C5-466C-8812-3302DBFCE516}.Release|x86.ActiveCfg = Release|x86
		{ABD725AC-F2C5-466C-8812-3302DBFCE516}.Release|x86.Build.0 = Release|x86
		{6BCCA8E9-3252-4683-8DB1-F8BC67A13C4F}.Debug|x86.ActiveCfg = Debug|x86
		{6BCCA8E9-3252-4683-8DB1-F8BC67A13C4F}.Debug|x86.Build.0 = Debug|x86
		{6BCCA8E9-3252-4683-8DB1-F8BC67A13C4F}.Release|x86.ActiveCfg = Release|x86
		{6BCCA8E9-3252-4683-8DB1-F8BC67A13C4F}.Release|x86.Build.0 = Release|x86
		{2E640191-56B4-4BD3-A549-D4E4AAC9CA0A}.Debug|x86.ActiveCfg = Debug|x86
		{2E640191-56B4-4BD3-A549-D4E4AAC9CA0A}.Debug|x86.Build.0 = Debug|x86
		{2E640191-56B4-4BD3-A549-D4E4AAC9CA0A}.Release|x86.ActiveCfg = Release|x86
		{2E640191-56B4-4BD3-A549-D4E4AAC9CA0A}.Release|x86.Build.0 = Release|x86
		{C52EF9ED-2A8A-4EDC-BB16-243E5928D98B}.Debug|x86.ActiveCfg = Debug|x86
		{C52EF9ED-2A8A-4EDC-BB16-243E5928D98B}.Debug|x86.Build.0 = Debug|x86
		{C52EF9ED-2A8A-4EDC-BB16-243E5928D98B}.Release|x86.ActiveCfg = Release|x86
		{C52EF9ED-2A8A-4EDC-BB16-243E5928D98B}.Release|x86.Build.0 = Release|x86
		{647C599E-E2EF-4835-8B4D-802F837B8B05}.Debug|x86.ActiveCfg = Debug|x86
		{647C599E-E2EF-4835-8B4D-802F837B8B05}.Debug|x86.Build.0 = Debug|x86
		{647C599E-E2EF-4835-8B4D-802F837B8B05}.Release|x86.ActiveCfg = Release|x86
		{647C599E-E2EF-4835-8B4D-802F837B8B05}.Release|x86.Build.0 = Release|x86
		{4FE7F17C-8C35-4C53-8F37-01D6292F7215}.Debug|x86.ActiveCfg = Debug|x86
		{4FE7F17C-8C35-4C53-8F37-01D6292F7215}.Debug|x86.Build.0 = Debug|x86
		{4FE7F17C-8C35-4C53-8F37-01D6292F7215}.Release|x86.ActiveCfg = Release|x86
		{4FE7F17C-8C35-4C53-8F37-01D6292F7215}.Release|x86.Build.0 = Release|x86
		{573CBDB3-43C0-4D5C-90CE-1456334FC730}.Debug|x86.ActiveCfg = Debug|x86
		{573CBDB3-43C0-4D5C-90CE-1456334FC730}.Debug|x86.Build.0 = Debug|x86
		{573CBDB3-43C0-4D5C-90CE-1456334FC730}.Release|x86.ActiveCfg = Release|x86
		{573CBDB3-43C0-4D5C-90CE-1456334FC730}.Release|x86.Build.0 = Release|x86
		{22A5CA53-0663-40A7-897E-3194024C109B}.Debug|x86.ActiveCfg = Debug|x86
		{22A5CA53-0663-40A7-897E-3194024C109B}.Debug|x86.Build.0 = Debug|x86
		{22A5CA53-0663-40A7-897E-3194024C109B}.Release|x86.ActiveCfg = Release|x86
		{22A5CA53-0663-40A7-897E-3194024C109B}.Release|x86.Build.0 = Release|x86
		{DFCE1D1A-5B20-41AC-A156-A8A6076D3276}.Debug|x86.ActiveCfg = Debug|x86
		{DFCE1D1A-5B20-41AC-A156-A8A6076D3276}.Debug|x86.Build.0 = Debug|x86
		{DFCE1D1A-5B20-41AC-A156-A8A6076D3276}.Release|x86.ActiveCfg = Release|x86
		{DFCE1D1A-5B20-41AC-A156-A8A6076D3276}.Release|x86.Build.0 = Release|x86
	EndGlobalSection
	GlobalSection(SolutionProperties) = preSolution
		HideSolutionNode = FALSE
	EndGlobalSection
	GlobalSection(NestedProjects) = preSolution
		{ABD725AC-F2C5-466C-8812-3302DBFCE516} = {5AAA9FF8-7247-466E-9B07-A8AAB940D902}
		{6BCCA8E9-3252-4683-8DB1-F8BC67A13C4F} = {0FEE845E-FD60-4908-AD61-1F3C3C803098}
		{2E640191-56B4-4BD3-A549-D4E4AAC9CA0A} = {BE0E3240-69AF-419C-BAD2-29DDF9849A5B}
		{C52EF9ED-2A8A-4EDC-BB16-243E5928D98B} = {EF17DB50-D95A-4A00-998A-16672C1DE187}
		{647C599E-E2EF-4835-8B4D-802F837B8B05} = {0FEE845E-FD60-4908-AD61-1F3C3C803098}
		{4FE7F17C-8C35-4C53-8F37-01D6292F7215} = {BE0E3240-69AF-419C-BAD2-29DDF9849A5B}
		{573CBDB3-43C0-4D5C-90CE-1456334FC730} = {2D04F940-5DD2-4373-A1F1-ECC210F52B8A}
		{22A5CA53-0663-40A7-897E-3194024C109B} = {2D04F940-5DD2-4373-A1F1-ECC210F52B8A}
		{DFCE1D1A-5B20-41AC-A156-A8A6076D3276} = {5AAA9FF8-7247-466E-9B07-A8AAB940D902}
	EndGlobalSection
	GlobalSection(ExtensibilityGlobals) = postSolution
		SolutionGuid = {CC4E5843-6A9E-4572-96AC-1F7CEF094FBE}
	EndGlobalSection
EndGlobal
