
Microsoft Visual Studio Solution File, Format Version 12.00
# Visual Studio 15
VisualStudioVersion = 15.0.27004.2008
MinimumVisualStudioVersion = 10.0.40219.1
Project("{9A19103F-16F7-4668-BE54-9A1E7A4F7556}") = "Util", "Util\Util.csproj", "{70725656-53F6-4418-A1F8-77B8FDB0A71D}"
EndProject
Project("{9A19103F-16F7-4668-BE54-9A1E7A4F7556}") = "Domain", "Domain\Domain.csproj", "{95FB7E8B-BFD9-44BC-8F08-A86716E963F8}"
EndProject
Project("{9A19103F-16F7-4668-BE54-9A1E7A4F7556}") = "Infrastructure", "Infrastructure\Infrastructure.csproj", "{F4168730-4459-4391-98E2-BCD099F69AAF}"
EndProject
Project("{9A19103F-16F7-4668-BE54-9A1E7A4F7556}") = "Application", "Application\Application.csproj", "{56C9598E-CC56-480E-9131-CE81FC5E5D85}"
EndProject
Project("{9A19103F-16F7-4668-BE54-9A1E7A4F7556}") = "Application.Tests", "Application.Tests\Application.Tests.csproj", "{F34500CC-30BD-4F3F-95DB-56F73B1A2E2A}"
EndProject
Global
	GlobalSection(SolutionConfigurationPlatforms) = preSolution
		Debug|Any CPU = Debug|Any CPU
		Release|Any CPU = Release|Any CPU
	EndGlobalSection
	GlobalSection(ProjectConfigurationPlatforms) = postSolution
		{70725656-53F6-4418-A1F8-77B8FDB0A71D}.Debug|Any CPU.ActiveCfg = Debug|Any CPU
		{70725656-53F6-4418-A1F8-77B8FDB0A71D}.Debug|Any CPU.Build.0 = Debug|Any CPU
		{70725656-53F6-4418-A1F8-77B8FDB0A71D}.Release|Any CPU.ActiveCfg = Release|Any CPU
		{70725656-53F6-4418-A1F8-77B8FDB0A71D}.Release|Any CPU.Build.0 = Release|Any CPU
		{95FB7E8B-BFD9-44BC-8F08-A86716E963F8}.Debug|Any CPU.ActiveCfg = Debug|Any CPU
		{95FB7E8B-BFD9-44BC-8F08-A86716E963F8}.Debug|Any CPU.Build.0 = Debug|Any CPU
		{95FB7E8B-BFD9-44BC-8F08-A86716E963F8}.Release|Any CPU.ActiveCfg = Release|Any CPU
		{95FB7E8B-BFD9-44BC-8F08-A86716E963F8}.Release|Any CPU.Build.0 = Release|Any CPU
		{F4168730-4459-4391-98E2-BCD099F69AAF}.Debug|Any CPU.ActiveCfg = Debug|Any CPU
		{F4168730-4459-4391-98E2-BCD099F69AAF}.Debug|Any CPU.Build.0 = Debug|Any CPU
		{F4168730-4459-4391-98E2-BCD099F69AAF}.Release|Any CPU.ActiveCfg = Release|Any CPU
		{F4168730-4459-4391-98E2-BCD099F69AAF}.Release|Any CPU.Build.0 = Release|Any CPU
		{56C9598E-CC56-480E-9131-CE81FC5E5D85}.Debug|Any CPU.ActiveCfg = Debug|Any CPU
		{56C9598E-CC56-480E-9131-CE81FC5E5D85}.Debug|Any CPU.Build.0 = Debug|Any CPU
		{56C9598E-CC56-480E-9131-CE81FC5E5D85}.Release|Any CPU.ActiveCfg = Release|Any CPU
		{56C9598E-CC56-480E-9131-CE81FC5E5D85}.Release|Any CPU.Build.0 = Release|Any CPU
		{F34500CC-30BD-4F3F-95DB-56F73B1A2E2A}.Debug|Any CPU.ActiveCfg = Debug|Any CPU
		{F34500CC-30BD-4F3F-95DB-56F73B1A2E2A}.Debug|Any CPU.Build.0 = Debug|Any CPU
		{F34500CC-30BD-4F3F-95DB-56F73B1A2E2A}.Release|Any CPU.ActiveCfg = Release|Any CPU
		{F34500CC-30BD-4F3F-95DB-56F73B1A2E2A}.Release|Any CPU.Build.0 = Release|Any CPU
	EndGlobalSection
	GlobalSection(SolutionProperties) = preSolution
		HideSolutionNode = FALSE
	EndGlobalSection
	GlobalSection(ExtensibilityGlobals) = postSolution
		SolutionGuid = {53493E0C-CC7B-417C-B1A9-6F2059519FF5}
	EndGlobalSection
EndGlobal
