
Microsoft Visual Studio Solution File, Format Version 12.00
# Visual Studio 15
VisualStudioVersion = 15.0.27004.2008
MinimumVisualStudioVersion = 10.0.40219.1
Project("{FAE04EC0-301F-11D3-BF4B-00C04F79EFBC}") = "MyExpenses.Infrastructure", "Infrastructure\MyExpenses.Infrastructure.csproj", "{ABD725AC-F2C5-466C-8812-3302DBFCE516}"
EndProject
Project("{FAE04EC0-301F-11D3-BF4B-00C04F79EFBC}") = "MyExpenses.Domain", "Domain\MyExpenses.Domain.csproj", "{6BCCA8E9-3252-4683-8DB1-F8BC67A13C4F}"
EndProject
Project("{FAE04EC0-301F-11D3-BF4B-00C04F79EFBC}") = "MyExpenses.Application", "Application\MyExpenses.Application.csproj", "{2E640191-56B4-4BD3-A549-D4E4AAC9CA0A}"
EndProject
Project("{FAE04EC0-301F-11D3-BF4B-00C04F79EFBC}") = "MyExpenses.Util", "Util\MyExpenses.Util.csproj", "{573CBDB3-43C0-4D5C-90CE-1456334FC730}"
EndProject
Project("{FAE04EC0-301F-11D3-BF4B-00C04F79EFBC}") = "MyExpenses.Presentation.WebApplication", "Presentation\MyExpenses.WebApplication\MyExpenses.Presentation.WebApplication.csproj", "{CA4D7FAC-A93D-4243-BD93-B765E403EC7B}"
EndProject
Project("{FAE04EC0-301F-11D3-BF4B-00C04F79EFBC}") = "MyExpenses.Application.Tests", "Tests\MyExpenses.Application.Tests\MyExpenses.Application.Tests.csproj", "{8EDF4429-251A-416D-BB68-93F227191BCF}"
EndProject
Global
	GlobalSection(SolutionConfigurationPlatforms) = preSolution
		Debug|x86 = Debug|x86
		Release|x86 = Release|x86
	EndGlobalSection
	GlobalSection(ProjectConfigurationPlatforms) = postSolution
		{ABD725AC-F2C5-466C-8812-3302DBFCE516}.Debug|x86.ActiveCfg = Debug|x86
		{ABD725AC-F2C5-466C-8812-3302DBFCE516}.Debug|x86.Build.0 = Debug|x86
		{ABD725AC-F2C5-466C-8812-3302DBFCE516}.Release|x86.ActiveCfg = Release|x86
		{ABD725AC-F2C5-466C-8812-3302DBFCE516}.Release|x86.Build.0 = Release|x86
		{6BCCA8E9-3252-4683-8DB1-F8BC67A13C4F}.Debug|x86.ActiveCfg = Debug|x86
		{6BCCA8E9-3252-4683-8DB1-F8BC67A13C4F}.Debug|x86.Build.0 = Debug|x86
		{6BCCA8E9-3252-4683-8DB1-F8BC67A13C4F}.Release|x86.ActiveCfg = Release|x86
		{6BCCA8E9-3252-4683-8DB1-F8BC67A13C4F}.Release|x86.Build.0 = Release|x86
		{2E640191-56B4-4BD3-A549-D4E4AAC9CA0A}.Debug|x86.ActiveCfg = Debug|x86
		{2E640191-56B4-4BD3-A549-D4E4AAC9CA0A}.Debug|x86.Build.0 = Debug|x86
		{2E640191-56B4-4BD3-A549-D4E4AAC9CA0A}.Release|x86.ActiveCfg = Release|x86
		{2E640191-56B4-4BD3-A549-D4E4AAC9CA0A}.Release|x86.Build.0 = Release|x86
		{573CBDB3-43C0-4D5C-90CE-1456334FC730}.Debug|x86.ActiveCfg = Debug|x86
		{573CBDB3-43C0-4D5C-90CE-1456334FC730}.Debug|x86.Build.0 = Debug|x86
		{573CBDB3-43C0-4D5C-90CE-1456334FC730}.Release|x86.ActiveCfg = Release|x86
		{573CBDB3-43C0-4D5C-90CE-1456334FC730}.Release|x86.Build.0 = Release|x86
		{CA4D7FAC-A93D-4243-BD93-B765E403EC7B}.Debug|x86.ActiveCfg = Debug|x86
		{CA4D7FAC-A93D-4243-BD93-B765E403EC7B}.Debug|x86.Build.0 = Debug|x86
		{CA4D7FAC-A93D-4243-BD93-B765E403EC7B}.Release|x86.ActiveCfg = Release|x86
		{CA4D7FAC-A93D-4243-BD93-B765E403EC7B}.Release|x86.Build.0 = Release|x86
		{8EDF4429-251A-416D-BB68-93F227191BCF}.Debug|x86.ActiveCfg = Debug|x86
		{8EDF4429-251A-416D-BB68-93F227191BCF}.Debug|x86.Build.0 = Debug|x86
		{8EDF4429-251A-416D-BB68-93F227191BCF}.Release|x86.ActiveCfg = Release|x86
		{8EDF4429-251A-416D-BB68-93F227191BCF}.Release|x86.Build.0 = Release|x86
	EndGlobalSection
	GlobalSection(SolutionProperties) = preSolution
		HideSolutionNode = FALSE
	EndGlobalSection
	GlobalSection(ExtensibilityGlobals) = postSolution
		SolutionGuid = {CC4E5843-6A9E-4572-96AC-1F7CEF094FBE}
	EndGlobalSection
EndGlobal
