
Microsoft Visual Studio Solution File, Format Version 12.00
# Visual Studio 15
VisualStudioVersion = 15.0.27004.2010
MinimumVisualStudioVersion = 10.0.40219.1
Project("{FAE04EC0-301F-11D3-BF4B-00C04F79EFBC}") = "WebApplication", "Presentation\WebApplication\WebApplication.csproj", "{A73850F1-DDB0-4ECD-98F4-7BD93C5C1021}"
EndProject
Project("{FAE04EC0-301F-11D3-BF4B-00C04F79EFBC}") = "Domain", "Domain\Domain.csproj", "{301DFE58-5FF6-47B8-A3B5-A2601C96A9D1}"
EndProject
Global
	GlobalSection(SolutionConfigurationPlatforms) = preSolution
		Debug|Any CPU = Debug|Any CPU
		Release|Any CPU = Release|Any CPU
	EndGlobalSection
	GlobalSection(ProjectConfigurationPlatforms) = postSolution
		{A73850F1-DDB0-4ECD-98F4-7BD93C5C1021}.Debug|Any CPU.ActiveCfg = Debug|Any CPU
		{A73850F1-DDB0-4ECD-98F4-7BD93C5C1021}.Debug|Any CPU.Build.0 = Debug|Any CPU
		{A73850F1-DDB0-4ECD-98F4-7BD93C5C1021}.Release|Any CPU.ActiveCfg = Release|Any CPU
		{A73850F1-DDB0-4ECD-98F4-7BD93C5C1021}.Release|Any CPU.Build.0 = Release|Any CPU
		{301DFE58-5FF6-47B8-A3B5-A2601C96A9D1}.Debug|Any CPU.ActiveCfg = Debug|Any CPU
		{301DFE58-5FF6-47B8-A3B5-A2601C96A9D1}.Debug|Any CPU.Build.0 = Debug|Any CPU
		{301DFE58-5FF6-47B8-A3B5-A2601C96A9D1}.Release|Any CPU.ActiveCfg = Release|Any CPU
		{301DFE58-5FF6-47B8-A3B5-A2601C96A9D1}.Release|Any CPU.Build.0 = Release|Any CPU
	EndGlobalSection
	GlobalSection(SolutionProperties) = preSolution
		HideSolutionNode = FALSE
	EndGlobalSection
	GlobalSection(ExtensibilityGlobals) = postSolution
		SolutionGuid = {C61858B0-E66A-43A2-BC27-8C1351C344D8}
	EndGlobalSection
EndGlobal
