
Microsoft Visual Studio Solution File, Format Version 12.00
# Visual Studio 15
VisualStudioVersion = 15.0.27004.2010
MinimumVisualStudioVersion = 10.0.40219.1
Project("{9A19103F-16F7-4668-BE54-9A1E7A4F7556}") = "Domain", "Domain\Domain.csproj", "{301DFE58-5FF6-47B8-A3B5-A2601C96A9D1}"
EndProject
Project("{9A19103F-16F7-4668-BE54-9A1E7A4F7556}") = "Infrastructure", "Infrastructure\Infrastructure.csproj", "{EFDE7C0E-A37E-4332-AF1C-0269C7A17C20}"
EndProject
Project("{9A19103F-16F7-4668-BE54-9A1E7A4F7556}") = "Util", "Util\Util.csproj", "{A011BB78-BB0B-461C-B712-3AABACBA1D1A}"
EndProject
Project("{9A19103F-16F7-4668-BE54-9A1E7A4F7556}") = "WebApplicationMVC", "Presentation\WebApplicationMVC\WebApplicationMVC.csproj", "{B0829541-CE1A-4AE4-AD25-80DDE9D79F7E}"
EndProject
Project("{FAE04EC0-301F-11D3-BF4B-00C04F79EFBC}") = "Application", "Application\Application.csproj", "{DFB1814C-8BBE-4F93-9A1A-D5AAC2E25C8E}"
EndProject
Global
	GlobalSection(SolutionConfigurationPlatforms) = preSolution
		Debug|Any CPU = Debug|Any CPU
		Release|Any CPU = Release|Any CPU
	EndGlobalSection
	GlobalSection(ProjectConfigurationPlatforms) = postSolution
		{301DFE58-5FF6-47B8-A3B5-A2601C96A9D1}.Debug|Any CPU.ActiveCfg = Debug|Any CPU
		{301DFE58-5FF6-47B8-A3B5-A2601C96A9D1}.Debug|Any CPU.Build.0 = Debug|Any CPU
		{301DFE58-5FF6-47B8-A3B5-A2601C96A9D1}.Release|Any CPU.ActiveCfg = Release|Any CPU
		{301DFE58-5FF6-47B8-A3B5-A2601C96A9D1}.Release|Any CPU.Build.0 = Release|Any CPU
		{EFDE7C0E-A37E-4332-AF1C-0269C7A17C20}.Debug|Any CPU.ActiveCfg = Debug|Any CPU
		{EFDE7C0E-A37E-4332-AF1C-0269C7A17C20}.Debug|Any CPU.Build.0 = Debug|Any CPU
		{EFDE7C0E-A37E-4332-AF1C-0269C7A17C20}.Release|Any CPU.ActiveCfg = Release|Any CPU
		{EFDE7C0E-A37E-4332-AF1C-0269C7A17C20}.Release|Any CPU.Build.0 = Release|Any CPU
		{A011BB78-BB0B-461C-B712-3AABACBA1D1A}.Debug|Any CPU.ActiveCfg = Debug|Any CPU
		{A011BB78-BB0B-461C-B712-3AABACBA1D1A}.Debug|Any CPU.Build.0 = Debug|Any CPU
		{A011BB78-BB0B-461C-B712-3AABACBA1D1A}.Release|Any CPU.ActiveCfg = Release|Any CPU
		{A011BB78-BB0B-461C-B712-3AABACBA1D1A}.Release|Any CPU.Build.0 = Release|Any CPU
		{B0829541-CE1A-4AE4-AD25-80DDE9D79F7E}.Debug|Any CPU.ActiveCfg = Debug|Any CPU
		{B0829541-CE1A-4AE4-AD25-80DDE9D79F7E}.Debug|Any CPU.Build.0 = Debug|Any CPU
		{B0829541-CE1A-4AE4-AD25-80DDE9D79F7E}.Release|Any CPU.ActiveCfg = Release|Any CPU
		{B0829541-CE1A-4AE4-AD25-80DDE9D79F7E}.Release|Any CPU.Build.0 = Release|Any CPU
		{DFB1814C-8BBE-4F93-9A1A-D5AAC2E25C8E}.Debug|Any CPU.ActiveCfg = Debug|Any CPU
		{DFB1814C-8BBE-4F93-9A1A-D5AAC2E25C8E}.Debug|Any CPU.Build.0 = Debug|Any CPU
		{DFB1814C-8BBE-4F93-9A1A-D5AAC2E25C8E}.Release|Any CPU.ActiveCfg = Release|Any CPU
		{DFB1814C-8BBE-4F93-9A1A-D5AAC2E25C8E}.Release|Any CPU.Build.0 = Release|Any CPU
	EndGlobalSection
	GlobalSection(SolutionProperties) = preSolution
		HideSolutionNode = FALSE
	EndGlobalSection
	GlobalSection(ExtensibilityGlobals) = postSolution
		SolutionGuid = {C61858B0-E66A-43A2-BC27-8C1351C344D8}
	EndGlobalSection
EndGlobal
